
Microsoft Visual Studio Solution File, Format Version 12.00
# Visual Studio 15
VisualStudioVersion = 15.0.28307.329
MinimumVisualStudioVersion = 10.0.40219.1
Project("{FAE04EC0-301F-11D3-BF4B-00C04F79EFBC}") = "mvcAddress", "mvcAddress\mvcAddress.csproj", "{4902B5DD-6D2F-41A4-85AF-35981689AC46}"
EndProject
Project("{FAE04EC0-301F-11D3-BF4B-00C04F79EFBC}") = "apiAddressbook", "apiAddressbook\apiAddressbook.csproj", "{8CA9D818-2EDB-481D-9FA1-275174F6479A}"
EndProject
Global
	GlobalSection(SolutionConfigurationPlatforms) = preSolution
		Debug|Any CPU = Debug|Any CPU
		Release|Any CPU = Release|Any CPU
	EndGlobalSection
	GlobalSection(ProjectConfigurationPlatforms) = postSolution
		{4902B5DD-6D2F-41A4-85AF-35981689AC46}.Debug|Any CPU.ActiveCfg = Debug|Any CPU
		{4902B5DD-6D2F-41A4-85AF-35981689AC46}.Debug|Any CPU.Build.0 = Debug|Any CPU
		{4902B5DD-6D2F-41A4-85AF-35981689AC46}.Release|Any CPU.ActiveCfg = Release|Any CPU
		{4902B5DD-6D2F-41A4-85AF-35981689AC46}.Release|Any CPU.Build.0 = Release|Any CPU
		{8CA9D818-2EDB-481D-9FA1-275174F6479A}.Debug|Any CPU.ActiveCfg = Debug|Any CPU
		{8CA9D818-2EDB-481D-9FA1-275174F6479A}.Debug|Any CPU.Build.0 = Debug|Any CPU
		{8CA9D818-2EDB-481D-9FA1-275174F6479A}.Release|Any CPU.ActiveCfg = Release|Any CPU
		{8CA9D818-2EDB-481D-9FA1-275174F6479A}.Release|Any CPU.Build.0 = Release|Any CPU
	EndGlobalSection
	GlobalSection(SolutionProperties) = preSolution
		HideSolutionNode = FALSE
	EndGlobalSection
	GlobalSection(ExtensibilityGlobals) = postSolution
		SolutionGuid = {5A9B9E2E-A0FE-4E84-BDDE-6EFDE3095127}
	EndGlobalSection
EndGlobal
